
Microsoft Visual Studio Solution File, Format Version 12.00
# Visual Studio Version 17
VisualStudioVersion = 17.4.33110.190
MinimumVisualStudioVersion = 10.0.40219.1
Project("{FAE04EC0-301F-11D3-BF4B-00C04F79EFBC}") = "LayoutsViewsExample", "LayoutsViewsExample\LayoutsViewsExample.csproj", "{A3A9F859-1D43-421D-A8B4-35B3F743EDCE}"
EndProject
Global
	GlobalSection(SolutionConfigurationPlatforms) = preSolution
		Debug|Any CPU = Debug|Any CPU
		Release|Any CPU = Release|Any CPU
	EndGlobalSection
	GlobalSection(ProjectConfigurationPlatforms) = postSolution
		{A3A9F859-1D43-421D-A8B4-35B3F743EDCE}.Debug|Any CPU.ActiveCfg = Debug|Any CPU
		{A3A9F859-1D43-421D-A8B4-35B3F743EDCE}.Debug|Any CPU.Build.0 = Debug|Any CPU
		{A3A9F859-1D43-421D-A8B4-35B3F743EDCE}.Release|Any CPU.ActiveCfg = Release|Any CPU
		{A3A9F859-1D43-421D-A8B4-35B3F743EDCE}.Release|Any CPU.Build.0 = Release|Any CPU
	EndGlobalSection
	GlobalSection(SolutionProperties) = preSolution
		HideSolutionNode = FALSE
	EndGlobalSection
	GlobalSection(ExtensibilityGlobals) = postSolution
		SolutionGuid = {16BFF5E2-62B8-48EB-8E0C-875E8A968898}
	EndGlobalSection
EndGlobal
